# This file is autogenerated, do not edit; changes may be undone by the next 'dep ensure'.


[[projects]]
  name = "github.com/fatih/structs"
  packages = ["."]
  revision = "a720dfa8df582c51dee1b36feabb906bde1588bd"
  version = "v1.0"

[solve-meta]
  analyzer-name = "dep"
  analyzer-version = 1
  inputs-digest = "6352c598eb12bb69838a53a3e826126be41d47bc9a74abe2a3c35556f1358e75"
  solver-name = "gps-cdcl"
  solver-version = 1
